
Microsoft Visual Studio Solution File, Format Version 12.00
# Visual Studio 2012
Project("{FAE04EC0-301F-11D3-BF4B-00C04F79EFBC}") = "Salary.Biz", "Salary.Biz\Salary.Biz.csproj", "{6B53D8C6-D248-4D36-A060-8417C0D5386B}"
EndProject
Project("{FAE04EC0-301F-11D3-BF4B-00C04F79EFBC}") = "Salary.Core", "Salary.Core\Salary.Core.csproj", "{02E6F8EF-0A7A-4AA7-915D-BD8A18C73BCE}"
EndProject
Project("{FAE04EC0-301F-11D3-BF4B-00C04F79EFBC}") = "Salary.Web", "Salary.Web\Salary.Web.csproj", "{04F45C48-C920-46B6-8E3F-388F5BEE4FDE}"
EndProject
Project("{E24C65DC-7377-472B-9ABA-BC803B73C61A}") = "Salary", "http://localhost:18206", "{73408166-5376-4208-832A-AE9982BD6025}"
	ProjectSection(WebsiteProperties) = preProject
		UseIISExpress = "true"
		TargetFrameworkMoniker = ".NETFramework,Version%3Dv3.5"
		ProjectReferences = "{6B53D8C6-D248-4D36-A060-8417C0D5386B}|Salary.Biz.dll;{02E6F8EF-0A7A-4AA7-915D-BD8A18C73BCE}|Salary.Core.dll;{04F45C48-C920-46B6-8E3F-388F5BEE4FDE}|Salary.Web.dll;"
		Debug.AspNetCompiler.VirtualPath = "/Salary"
		Debug.AspNetCompiler.PhysicalPath = "Salary\"
		Debug.AspNetCompiler.TargetPath = "PrecompiledWeb\Salary\"
		Debug.AspNetCompiler.Updateable = "true"
		Debug.AspNetCompiler.ForceOverwrite = "true"
		Debug.AspNetCompiler.FixedNames = "false"
		Debug.AspNetCompiler.Debug = "True"
		Release.AspNetCompiler.VirtualPath = "/Salary"
		Release.AspNetCompiler.PhysicalPath = "Salary\"
		Release.AspNetCompiler.TargetPath = "PrecompiledWeb\Salary\"
		Release.AspNetCompiler.Updateable = "true"
		Release.AspNetCompiler.ForceOverwrite = "true"
		Release.AspNetCompiler.FixedNames = "false"
		Release.AspNetCompiler.Debug = "False"
		SlnRelativePath = "Salary\"
		DefaultWebSiteLanguage = "Visual C#"
	EndProjectSection
EndProject
Global
	GlobalSection(SolutionConfigurationPlatforms) = preSolution
		Debug|Any CPU = Debug|Any CPU
		Debug|Mixed Platforms = Debug|Mixed Platforms
		Debug|x86 = Debug|x86
		Release|Any CPU = Release|Any CPU
		Release|Mixed Platforms = Release|Mixed Platforms
		Release|x86 = Release|x86
	EndGlobalSection
	GlobalSection(ProjectConfigurationPlatforms) = postSolution
		{6B53D8C6-D248-4D36-A060-8417C0D5386B}.Debug|Any CPU.ActiveCfg = Debug|x86
		{6B53D8C6-D248-4D36-A060-8417C0D5386B}.Debug|Mixed Platforms.ActiveCfg = Debug|x86
		{6B53D8C6-D248-4D36-A060-8417C0D5386B}.Debug|Mixed Platforms.Build.0 = Debug|x86
		{6B53D8C6-D248-4D36-A060-8417C0D5386B}.Debug|x86.ActiveCfg = Debug|x86
		{6B53D8C6-D248-4D36-A060-8417C0D5386B}.Debug|x86.Build.0 = Debug|x86
		{6B53D8C6-D248-4D36-A060-8417C0D5386B}.Release|Any CPU.ActiveCfg = Release|x86
		{6B53D8C6-D248-4D36-A060-8417C0D5386B}.Release|Mixed Platforms.ActiveCfg = Release|x86
		{6B53D8C6-D248-4D36-A060-8417C0D5386B}.Release|Mixed Platforms.Build.0 = Release|x86
		{6B53D8C6-D248-4D36-A060-8417C0D5386B}.Release|x86.ActiveCfg = Release|x86
		{6B53D8C6-D248-4D36-A060-8417C0D5386B}.Release|x86.Build.0 = Release|x86
		{02E6F8EF-0A7A-4AA7-915D-BD8A18C73BCE}.Debug|Any CPU.ActiveCfg = Debug|x86
		{02E6F8EF-0A7A-4AA7-915D-BD8A18C73BCE}.Debug|Mixed Platforms.ActiveCfg = Debug|x86
		{02E6F8EF-0A7A-4AA7-915D-BD8A18C73BCE}.Debug|Mixed Platforms.Build.0 = Debug|x86
		{02E6F8EF-0A7A-4AA7-915D-BD8A18C73BCE}.Debug|x86.ActiveCfg = Debug|x86
		{02E6F8EF-0A7A-4AA7-915D-BD8A18C73BCE}.Debug|x86.Build.0 = Debug|x86
		{02E6F8EF-0A7A-4AA7-915D-BD8A18C73BCE}.Release|Any CPU.ActiveCfg = Release|x86
		{02E6F8EF-0A7A-4AA7-915D-BD8A18C73BCE}.Release|Mixed Platforms.ActiveCfg = Release|x86
		{02E6F8EF-0A7A-4AA7-915D-BD8A18C73BCE}.Release|Mixed Platforms.Build.0 = Release|x86
		{02E6F8EF-0A7A-4AA7-915D-BD8A18C73BCE}.Release|x86.ActiveCfg = Release|x86
		{02E6F8EF-0A7A-4AA7-915D-BD8A18C73BCE}.Release|x86.Build.0 = Release|x86
		{04F45C48-C920-46B6-8E3F-388F5BEE4FDE}.Debug|Any CPU.ActiveCfg = Debug|x86
		{04F45C48-C920-46B6-8E3F-388F5BEE4FDE}.Debug|Mixed Platforms.ActiveCfg = Debug|x86
		{04F45C48-C920-46B6-8E3F-388F5BEE4FDE}.Debug|Mixed Platforms.Build.0 = Debug|x86
		{04F45C48-C920-46B6-8E3F-388F5BEE4FDE}.Debug|x86.ActiveCfg = Debug|x86
		{04F45C48-C920-46B6-8E3F-388F5BEE4FDE}.Debug|x86.Build.0 = Debug|x86
		{04F45C48-C920-46B6-8E3F-388F5BEE4FDE}.Release|Any CPU.ActiveCfg = Release|x86
		{04F45C48-C920-46B6-8E3F-388F5BEE4FDE}.Release|Mixed Platforms.ActiveCfg = Release|x86
		{04F45C48-C920-46B6-8E3F-388F5BEE4FDE}.Release|Mixed Platforms.Build.0 = Release|x86
		{04F45C48-C920-46B6-8E3F-388F5BEE4FDE}.Release|x86.ActiveCfg = Release|x86
		{04F45C48-C920-46B6-8E3F-388F5BEE4FDE}.Release|x86.Build.0 = Release|x86
		{73408166-5376-4208-832A-AE9982BD6025}.Debug|Any CPU.ActiveCfg = Debug|Any CPU
		{73408166-5376-4208-832A-AE9982BD6025}.Debug|Any CPU.Build.0 = Debug|Any CPU
		{73408166-5376-4208-832A-AE9982BD6025}.Debug|Mixed Platforms.ActiveCfg = Debug|Any CPU
		{73408166-5376-4208-832A-AE9982BD6025}.Debug|Mixed Platforms.Build.0 = Debug|Any CPU
		{73408166-5376-4208-832A-AE9982BD6025}.Debug|x86.ActiveCfg = Debug|Any CPU
		{73408166-5376-4208-832A-AE9982BD6025}.Release|Any CPU.ActiveCfg = Debug|Any CPU
		{73408166-5376-4208-832A-AE9982BD6025}.Release|Any CPU.Build.0 = Debug|Any CPU
		{73408166-5376-4208-832A-AE9982BD6025}.Release|Mixed Platforms.ActiveCfg = Debug|Any CPU
		{73408166-5376-4208-832A-AE9982BD6025}.Release|Mixed Platforms.Build.0 = Debug|Any CPU
		{73408166-5376-4208-832A-AE9982BD6025}.Release|x86.ActiveCfg = Debug|Any CPU
	EndGlobalSection
	GlobalSection(SolutionProperties) = preSolution
		HideSolutionNode = FALSE
	EndGlobalSection
EndGlobal
